
Microsoft Visual Studio Solution File, Format Version 12.00
# Visual Studio Version 16
VisualStudioVersion = 16.0.31321.278
MinimumVisualStudioVersion = 10.0.40219.1
Project("{FAE04EC0-301F-11D3-BF4B-00C04F79EFBC}") = "Project", "Project.csproj", "{96EEF933-475F-4629-A9B5-229609B0ABCF}"
EndProject
Global
	GlobalSection(SolutionConfigurationPlatforms) = preSolution
		Debug|Any CPU = Debug|Any CPU
		Release|Any CPU = Release|Any CPU
	EndGlobalSection
	GlobalSection(ProjectConfigurationPlatforms) = postSolution
		{96EEF933-475F-4629-A9B5-229609B0ABCF}.Debug|Any CPU.ActiveCfg = Debug|Any CPU
		{96EEF933-475F-4629-A9B5-229609B0ABCF}.Debug|Any CPU.Build.0 = Debug|Any CPU
		{96EEF933-475F-4629-A9B5-229609B0ABCF}.Release|Any CPU.ActiveCfg = Release|Any CPU
		{96EEF933-475F-4629-A9B5-229609B0ABCF}.Release|Any CPU.Build.0 = Release|Any CPU
	EndGlobalSection
	GlobalSection(SolutionProperties) = preSolution
		HideSolutionNode = FALSE
	EndGlobalSection
	GlobalSection(ExtensibilityGlobals) = postSolution
		SolutionGuid = {FA13C9BC-0C31-4384-BA16-7632512B58B4}
	EndGlobalSection
EndGlobal
